
Microsoft Visual Studio Solution File, Format Version 12.00
# Visual Studio Version 17
VisualStudioVersion = 17.9.34728.123
MinimumVisualStudioVersion = 10.0.40219.1
Project("{FAE04EC0-301F-11D3-BF4B-00C04F79EFBC}") = "TWC_Backend", "TWC_Backend\TWC_Backend.csproj", "{88ED6ADB-E514-43C9-9829-B252345A26BB}"
EndProject
Project("{FAE04EC0-301F-11D3-BF4B-00C04F79EFBC}") = "TWC_DatabaseLayer", "TWC_DatabaseLayer\TWC_DatabaseLayer.csproj", "{12047C91-85F5-42C6-B0FF-50D57D972863}"
EndProject
Global
	GlobalSection(SolutionConfigurationPlatforms) = preSolution
		Debug|Any CPU = Debug|Any CPU
		Release|Any CPU = Release|Any CPU
	EndGlobalSection
	GlobalSection(ProjectConfigurationPlatforms) = postSolution
		{88ED6ADB-E514-43C9-9829-B252345A26BB}.Debug|Any CPU.ActiveCfg = Debug|Any CPU
		{88ED6ADB-E514-43C9-9829-B252345A26BB}.Debug|Any CPU.Build.0 = Debug|Any CPU
		{88ED6ADB-E514-43C9-9829-B252345A26BB}.Release|Any CPU.ActiveCfg = Release|Any CPU
		{88ED6ADB-E514-43C9-9829-B252345A26BB}.Release|Any CPU.Build.0 = Release|Any CPU
		{12047C91-85F5-42C6-B0FF-50D57D972863}.Debug|Any CPU.ActiveCfg = Debug|Any CPU
		{12047C91-85F5-42C6-B0FF-50D57D972863}.Debug|Any CPU.Build.0 = Debug|Any CPU
		{12047C91-85F5-42C6-B0FF-50D57D972863}.Release|Any CPU.ActiveCfg = Release|Any CPU
		{12047C91-85F5-42C6-B0FF-50D57D972863}.Release|Any CPU.Build.0 = Release|Any CPU
	EndGlobalSection
	GlobalSection(SolutionProperties) = preSolution
		HideSolutionNode = FALSE
	EndGlobalSection
	GlobalSection(ExtensibilityGlobals) = postSolution
		SolutionGuid = {3AFAF96B-3D24-4EAB-8861-B4E7E91DF2C4}
	EndGlobalSection
EndGlobal
